
Microsoft Visual Studio Solution File, Format Version 12.00
# Visual Studio 15
VisualStudioVersion = 15.0.27703.2047
MinimumVisualStudioVersion = 10.0.40219.1
Project("{FAE04EC0-301F-11D3-BF4B-00C04F79EFBC}") = "quadtrees", "quadtrees\quadtrees.csproj", "{2186A941-1339-4FF3-9E4C-C8188D2FB729}"
EndProject
Global
	GlobalSection(SolutionConfigurationPlatforms) = preSolution
		Debug|Any CPU = Debug|Any CPU
		Release|Any CPU = Release|Any CPU
	EndGlobalSection
	GlobalSection(ProjectConfigurationPlatforms) = postSolution
		{2186A941-1339-4FF3-9E4C-C8188D2FB729}.Debug|Any CPU.ActiveCfg = Debug|Any CPU
		{2186A941-1339-4FF3-9E4C-C8188D2FB729}.Debug|Any CPU.Build.0 = Debug|Any CPU
		{2186A941-1339-4FF3-9E4C-C8188D2FB729}.Release|Any CPU.ActiveCfg = Release|Any CPU
		{2186A941-1339-4FF3-9E4C-C8188D2FB729}.Release|Any CPU.Build.0 = Release|Any CPU
	EndGlobalSection
	GlobalSection(SolutionProperties) = preSolution
		HideSolutionNode = FALSE
	EndGlobalSection
	GlobalSection(ExtensibilityGlobals) = postSolution
		SolutionGuid = {70FC764D-04E1-49B1-BFDB-33F4380EAE8D}
	EndGlobalSection
EndGlobal
